
Microsoft Visual Studio Solution File, Format Version 12.00
# Visual Studio Version 17
VisualStudioVersion = 17.4.33103.184
MinimumVisualStudioVersion = 10.0.40219.1
Project("{FAE04EC0-301F-11D3-BF4B-00C04F79EFBC}") = "ShoppingListApi", "ShoppingListApi.csproj", "{B339683B-F4DD-49DD-B7A5-5A031A8E4C1A}"
EndProject
Global
	GlobalSection(SolutionConfigurationPlatforms) = preSolution
		Debug|Any CPU = Debug|Any CPU
		Release|Any CPU = Release|Any CPU
	EndGlobalSection
	GlobalSection(ProjectConfigurationPlatforms) = postSolution
		{B339683B-F4DD-49DD-B7A5-5A031A8E4C1A}.Debug|Any CPU.ActiveCfg = Debug|Any CPU
		{B339683B-F4DD-49DD-B7A5-5A031A8E4C1A}.Debug|Any CPU.Build.0 = Debug|Any CPU
		{B339683B-F4DD-49DD-B7A5-5A031A8E4C1A}.Release|Any CPU.ActiveCfg = Release|Any CPU
		{B339683B-F4DD-49DD-B7A5-5A031A8E4C1A}.Release|Any CPU.Build.0 = Release|Any CPU
	EndGlobalSection
	GlobalSection(SolutionProperties) = preSolution
		HideSolutionNode = FALSE
	EndGlobalSection
	GlobalSection(ExtensibilityGlobals) = postSolution
		SolutionGuid = {FDA21E48-05C5-418E-9C89-96DFE9E6B5F5}
	EndGlobalSection
EndGlobal
